
Microsoft Visual Studio Solution File, Format Version 12.00
# Visual Studio Version 17
VisualStudioVersion = 17.9.34728.123
MinimumVisualStudioVersion = 10.0.40219.1
Project("{FAE04EC0-301F-11D3-BF4B-00C04F79EFBC}") = "question-1", "question-1\question-1.csproj", "{2E70644B-3987-498A-ABA8-98A868C99A75}"
EndProject
Project("{FAE04EC0-301F-11D3-BF4B-00C04F79EFBC}") = "question-3", "question-3\question-3.csproj", "{BAF6F7F4-6DFA-4FF2-8D60-8A8272683AE7}"
EndProject
Global
	GlobalSection(SolutionConfigurationPlatforms) = preSolution
		Debug|Any CPU = Debug|Any CPU
		Release|Any CPU = Release|Any CPU
	EndGlobalSection
	GlobalSection(ProjectConfigurationPlatforms) = postSolution
		{2E70644B-3987-498A-ABA8-98A868C99A75}.Debug|Any CPU.ActiveCfg = Debug|Any CPU
		{2E70644B-3987-498A-ABA8-98A868C99A75}.Debug|Any CPU.Build.0 = Debug|Any CPU
		{2E70644B-3987-498A-ABA8-98A868C99A75}.Release|Any CPU.ActiveCfg = Release|Any CPU
		{2E70644B-3987-498A-ABA8-98A868C99A75}.Release|Any CPU.Build.0 = Release|Any CPU
		{BAF6F7F4-6DFA-4FF2-8D60-8A8272683AE7}.Debug|Any CPU.ActiveCfg = Debug|Any CPU
		{BAF6F7F4-6DFA-4FF2-8D60-8A8272683AE7}.Debug|Any CPU.Build.0 = Debug|Any CPU
		{BAF6F7F4-6DFA-4FF2-8D60-8A8272683AE7}.Release|Any CPU.ActiveCfg = Release|Any CPU
		{BAF6F7F4-6DFA-4FF2-8D60-8A8272683AE7}.Release|Any CPU.Build.0 = Release|Any CPU
	EndGlobalSection
	GlobalSection(SolutionProperties) = preSolution
		HideSolutionNode = FALSE
	EndGlobalSection
	GlobalSection(ExtensibilityGlobals) = postSolution
		SolutionGuid = {B82F6906-9945-4810-BF06-F1BC78948E9B}
	EndGlobalSection
EndGlobal
